
Microsoft Visual Studio Solution File, Format Version 12.00
# Visual Studio Version 17
VisualStudioVersion = 17.5.33516.290
MinimumVisualStudioVersion = 10.0.40219.1
Project("{FAE04EC0-301F-11D3-BF4B-00C04F79EFBC}") = "1480. Running Sum of 1d Array", "1480. Running Sum of 1d Array\1480. Running Sum of 1d Array.csproj", "{23B6D241-8C0B-45F1-98FA-7721ADE9187A}"
EndProject
Global
	GlobalSection(SolutionConfigurationPlatforms) = preSolution
		Debug|Any CPU = Debug|Any CPU
		Release|Any CPU = Release|Any CPU
	EndGlobalSection
	GlobalSection(ProjectConfigurationPlatforms) = postSolution
		{23B6D241-8C0B-45F1-98FA-7721ADE9187A}.Debug|Any CPU.ActiveCfg = Debug|Any CPU
		{23B6D241-8C0B-45F1-98FA-7721ADE9187A}.Debug|Any CPU.Build.0 = Debug|Any CPU
		{23B6D241-8C0B-45F1-98FA-7721ADE9187A}.Release|Any CPU.ActiveCfg = Release|Any CPU
		{23B6D241-8C0B-45F1-98FA-7721ADE9187A}.Release|Any CPU.Build.0 = Release|Any CPU
	EndGlobalSection
	GlobalSection(SolutionProperties) = preSolution
		HideSolutionNode = FALSE
	EndGlobalSection
	GlobalSection(ExtensibilityGlobals) = postSolution
		SolutionGuid = {08155BE9-E292-489F-BC88-057A2D5B5080}
	EndGlobalSection
EndGlobal
