
Microsoft Visual Studio Solution File, Format Version 12.00
# Visual Studio Version 17
VisualStudioVersion = 17.5.33516.290
MinimumVisualStudioVersion = 10.0.40219.1
Project("{FAE04EC0-301F-11D3-BF4B-00C04F79EFBC}") = "1342. Number of Steps to Reduce a Number to Zero", "1342. Number of Steps to Reduce a Number to Zero\1342. Number of Steps to Reduce a Number to Zero.csproj", "{F08C0D4B-B7F8-4030-85F7-33E4E829C06E}"
EndProject
Global
	GlobalSection(SolutionConfigurationPlatforms) = preSolution
		Debug|Any CPU = Debug|Any CPU
		Release|Any CPU = Release|Any CPU
	EndGlobalSection
	GlobalSection(ProjectConfigurationPlatforms) = postSolution
		{F08C0D4B-B7F8-4030-85F7-33E4E829C06E}.Debug|Any CPU.ActiveCfg = Debug|Any CPU
		{F08C0D4B-B7F8-4030-85F7-33E4E829C06E}.Debug|Any CPU.Build.0 = Debug|Any CPU
		{F08C0D4B-B7F8-4030-85F7-33E4E829C06E}.Release|Any CPU.ActiveCfg = Release|Any CPU
		{F08C0D4B-B7F8-4030-85F7-33E4E829C06E}.Release|Any CPU.Build.0 = Release|Any CPU
	EndGlobalSection
	GlobalSection(SolutionProperties) = preSolution
		HideSolutionNode = FALSE
	EndGlobalSection
	GlobalSection(ExtensibilityGlobals) = postSolution
		SolutionGuid = {8D089370-CA5E-4D67-88BC-7EC0D38D03FA}
	EndGlobalSection
EndGlobal
