
Microsoft Visual Studio Solution File, Format Version 12.00
# Visual Studio Version 17
VisualStudioVersion = 17.5.33516.290
MinimumVisualStudioVersion = 10.0.40219.1
Project("{FAE04EC0-301F-11D3-BF4B-00C04F79EFBC}") = "9. Palindrome Number", "9. Palindrome Number\9. Palindrome Number.csproj", "{762926A1-BC55-409E-85B5-DE0BC8499FE8}"
EndProject
Global
	GlobalSection(SolutionConfigurationPlatforms) = preSolution
		Debug|Any CPU = Debug|Any CPU
		Release|Any CPU = Release|Any CPU
	EndGlobalSection
	GlobalSection(ProjectConfigurationPlatforms) = postSolution
		{762926A1-BC55-409E-85B5-DE0BC8499FE8}.Debug|Any CPU.ActiveCfg = Debug|Any CPU
		{762926A1-BC55-409E-85B5-DE0BC8499FE8}.Debug|Any CPU.Build.0 = Debug|Any CPU
		{762926A1-BC55-409E-85B5-DE0BC8499FE8}.Release|Any CPU.ActiveCfg = Release|Any CPU
		{762926A1-BC55-409E-85B5-DE0BC8499FE8}.Release|Any CPU.Build.0 = Release|Any CPU
	EndGlobalSection
	GlobalSection(SolutionProperties) = preSolution
		HideSolutionNode = FALSE
	EndGlobalSection
	GlobalSection(ExtensibilityGlobals) = postSolution
		SolutionGuid = {E4E4B045-58C4-443D-B519-D9B43AAF58B8}
	EndGlobalSection
EndGlobal
