
Microsoft Visual Studio Solution File, Format Version 12.00
# Visual Studio Version 17
VisualStudioVersion = 17.5.33516.290
MinimumVisualStudioVersion = 10.0.40219.1
Project("{FAE04EC0-301F-11D3-BF4B-00C04F79EFBC}") = "383. Ransom Note", "383. Ransom Note\383. Ransom Note.csproj", "{B6239F94-BCD9-4C6E-99D2-8AE0897BB221}"
EndProject
Global
	GlobalSection(SolutionConfigurationPlatforms) = preSolution
		Debug|Any CPU = Debug|Any CPU
		Release|Any CPU = Release|Any CPU
	EndGlobalSection
	GlobalSection(ProjectConfigurationPlatforms) = postSolution
		{B6239F94-BCD9-4C6E-99D2-8AE0897BB221}.Debug|Any CPU.ActiveCfg = Debug|Any CPU
		{B6239F94-BCD9-4C6E-99D2-8AE0897BB221}.Debug|Any CPU.Build.0 = Debug|Any CPU
		{B6239F94-BCD9-4C6E-99D2-8AE0897BB221}.Release|Any CPU.ActiveCfg = Release|Any CPU
		{B6239F94-BCD9-4C6E-99D2-8AE0897BB221}.Release|Any CPU.Build.0 = Release|Any CPU
	EndGlobalSection
	GlobalSection(SolutionProperties) = preSolution
		HideSolutionNode = FALSE
	EndGlobalSection
	GlobalSection(ExtensibilityGlobals) = postSolution
		SolutionGuid = {F4617D72-2998-4C27-8B46-DFBDD107FE83}
	EndGlobalSection
EndGlobal
