
Microsoft Visual Studio Solution File, Format Version 12.00
# Visual Studio Version 17
VisualStudioVersion = 17.6.33723.286
MinimumVisualStudioVersion = 10.0.40219.1
Project("{FAE04EC0-301F-11D3-BF4B-00C04F79EFBC}") = "14. Longest Common Prefix", "14. Longest Common Prefix\14. Longest Common Prefix.csproj", "{3FA1B298-4E9D-43E4-BFAD-AD81558044BC}"
EndProject
Global
	GlobalSection(SolutionConfigurationPlatforms) = preSolution
		Debug|Any CPU = Debug|Any CPU
		Release|Any CPU = Release|Any CPU
	EndGlobalSection
	GlobalSection(ProjectConfigurationPlatforms) = postSolution
		{3FA1B298-4E9D-43E4-BFAD-AD81558044BC}.Debug|Any CPU.ActiveCfg = Debug|Any CPU
		{3FA1B298-4E9D-43E4-BFAD-AD81558044BC}.Debug|Any CPU.Build.0 = Debug|Any CPU
		{3FA1B298-4E9D-43E4-BFAD-AD81558044BC}.Release|Any CPU.ActiveCfg = Release|Any CPU
		{3FA1B298-4E9D-43E4-BFAD-AD81558044BC}.Release|Any CPU.Build.0 = Release|Any CPU
	EndGlobalSection
	GlobalSection(SolutionProperties) = preSolution
		HideSolutionNode = FALSE
	EndGlobalSection
	GlobalSection(ExtensibilityGlobals) = postSolution
		SolutionGuid = {E0868FBD-933B-458D-A9F7-928E7A2EEA4C}
	EndGlobalSection
EndGlobal
