
Microsoft Visual Studio Solution File, Format Version 12.00
# Visual Studio Version 17
VisualStudioVersion = 17.5.33516.290
MinimumVisualStudioVersion = 10.0.40219.1
Project("{FAE04EC0-301F-11D3-BF4B-00C04F79EFBC}") = "20. Valid Parentheses", "20. Valid Parentheses\20. Valid Parentheses.csproj", "{AA454C2D-7E05-4E6B-A9E4-613A3E9CF384}"
EndProject
Global
	GlobalSection(SolutionConfigurationPlatforms) = preSolution
		Debug|Any CPU = Debug|Any CPU
		Release|Any CPU = Release|Any CPU
	EndGlobalSection
	GlobalSection(ProjectConfigurationPlatforms) = postSolution
		{AA454C2D-7E05-4E6B-A9E4-613A3E9CF384}.Debug|Any CPU.ActiveCfg = Debug|Any CPU
		{AA454C2D-7E05-4E6B-A9E4-613A3E9CF384}.Debug|Any CPU.Build.0 = Debug|Any CPU
		{AA454C2D-7E05-4E6B-A9E4-613A3E9CF384}.Release|Any CPU.ActiveCfg = Release|Any CPU
		{AA454C2D-7E05-4E6B-A9E4-613A3E9CF384}.Release|Any CPU.Build.0 = Release|Any CPU
	EndGlobalSection
	GlobalSection(SolutionProperties) = preSolution
		HideSolutionNode = FALSE
	EndGlobalSection
	GlobalSection(ExtensibilityGlobals) = postSolution
		SolutionGuid = {D669CD8C-3983-489B-A6B8-82B4F95650D7}
	EndGlobalSection
EndGlobal
