
Microsoft Visual Studio Solution File, Format Version 12.00
# Visual Studio Version 17
VisualStudioVersion = 17.5.33516.290
MinimumVisualStudioVersion = 10.0.40219.1
Project("{FAE04EC0-301F-11D3-BF4B-00C04F79EFBC}") = "392. Is Subsequence", "392. Is Subsequence\392. Is Subsequence.csproj", "{50EFD726-2FAF-4CD1-B3EB-9023CC969D0A}"
EndProject
Global
	GlobalSection(SolutionConfigurationPlatforms) = preSolution
		Debug|Any CPU = Debug|Any CPU
		Release|Any CPU = Release|Any CPU
	EndGlobalSection
	GlobalSection(ProjectConfigurationPlatforms) = postSolution
		{50EFD726-2FAF-4CD1-B3EB-9023CC969D0A}.Debug|Any CPU.ActiveCfg = Debug|Any CPU
		{50EFD726-2FAF-4CD1-B3EB-9023CC969D0A}.Debug|Any CPU.Build.0 = Debug|Any CPU
		{50EFD726-2FAF-4CD1-B3EB-9023CC969D0A}.Release|Any CPU.ActiveCfg = Release|Any CPU
		{50EFD726-2FAF-4CD1-B3EB-9023CC969D0A}.Release|Any CPU.Build.0 = Release|Any CPU
	EndGlobalSection
	GlobalSection(SolutionProperties) = preSolution
		HideSolutionNode = FALSE
	EndGlobalSection
	GlobalSection(ExtensibilityGlobals) = postSolution
		SolutionGuid = {1C2C0733-0091-4AF7-A41F-D757A58E8B89}
	EndGlobalSection
EndGlobal
